{
  "pins" : [
    {
      "identity" : "descriptors",
      "kind" : "remoteSourceControl",
      "location" : "https://github.com/FluidGroup/Descriptors.git",
      "state" : {
        "revision" : "f41ce2605a76c5d378fe8c5e8c5c98b544dfd108",
        "version" : "0.2.3"
      }
    },
    {
      "identity" : "glossbuttonnode",
      "kind" : "remoteSourceControl",
      "location" : "https://github.com/FluidGroup/GlossButtonNode",
      "state" : {
        "branch" : "main",
        "revision" : "725ffe6041691e4533558253c77db01555eda0a9"
      }
    },
    {
      "identity" : "mondrianlayout",
      "kind" : "remoteSourceControl",
      "location" : "https://github.com/FluidGroup/MondrianLayout.git",
      "state" : {
        "revision" : "5f00b13984fe08316fc5b5be06e2f41c14a3befa",
        "version" : "0.10.0"
      }
    },
    {
      "identity" : "resultbuilderkit",
      "kind" : "remoteSourceControl",
      "location" : "https://github.com/FluidGroup/ResultBuilderKit",
      "state" : {
        "revision" : "34aa57fcee5ec3ee0f368b05cb53c7919c188ab2",
        "version" : "1.3.0"
      }
    },
    {
      "identity" : "storybook-ios",
      "kind" : "remoteSourceControl",
      "location" : "https://github.com/eure/Storybook-ios.git",
      "state" : {
        "branch" : "main",
        "revision" : "8985fa9fa6bca298b4c66dd0f6f0e53b7a7a0f6c"
      }
    },
    {
      "identity" : "swiftui-gesture-velocity",
      "kind" : "remoteSourceControl",
      "location" : "https://github.com/FluidGroup/swiftui-gesture-velocity",
      "state" : {
        "revision" : "9c83f8995f9e5efc29db2fca4b9ff058283f1603",
        "version" : "1.0.0"
      }
    },
    {
      "identity" : "swiftui-support",
      "kind" : "remoteSourceControl",
      "location" : "https://github.com/FluidGroup/swiftui-support",
      "state" : {
        "revision" : "8ef53190c33bd345e7a95ef504dafe0f85ad9c4d",
        "version" : "0.4.1"
      }
    },
    {
      "identity" : "texture",
      "kind" : "remoteSourceControl",
      "location" : "https://github.com/FluidGroup/Texture.git",
      "state" : {
        "revision" : "68df47f0d26522da76b06f22e9a97e4d4ab58dad",
        "version" : "3.0.2"
      }
    },
    {
      "identity" : "texturebridging",
      "kind" : "remoteSourceControl",
      "location" : "https://github.com/FluidGroup/TextureBridging.git",
      "state" : {
        "branch" : "main",
        "revision" : "4383f8a9846a0507d2c22ee9fac22153f9b86fed"
      }
    },
    {
      "identity" : "typedtextattributes",
      "kind" : "remoteSourceControl",
      "location" : "https://github.com/FluidGroup/TypedTextAttributes.git",
      "state" : {
        "revision" : "22aadd76b1cfe7a0702200990c9c5b8f4d33a912",
        "version" : "1.5.0"
      }
    }
  ],
  "version" : 2
}
