{
  "pins" : [
    {
      "identity" : "descriptors",
      "kind" : "remoteSourceControl",
      "location" : "https://github.com/FluidGroup/Descriptors",
      "state" : {
        "revision" : "1ec4fcd01b7e3a6df9dfafcca8155e297a7a1d9f",
        "version" : "0.3.0"
      }
    },
    {
      "identity" : "texture",
      "kind" : "remoteSourceControl",
      "location" : "https://github.com/FluidGroup/Texture.git",
      "state" : {
        "revision" : "f6aba697c93e955b822e1bed148e83eee2db70e4",
        "version" : "3.0.3"
      }
    }
  ],
  "version" : 2
}
