PODS:
  - FluidPresentation (0.1.0)
  - GlossButtonNode (2.1.0):
    - Texture/Core (~> 3)
    - TextureSwiftSupport
  - Reveal-SDK (28)
  - StorybookKit (1.3.0)
  - StorybookUI (1.3.0):
    - StorybookKit (>= 1.3.0)
  - Texture/Core (3.0.0)
  - TextureSwiftSupport (3.8.0):
    - Texture/Core (>= 3)
    - TextureSwiftSupport/Components (= 3.8.0)
    - TextureSwiftSupport/Experiments (= 3.8.0)
    - TextureSwiftSupport/Extensions (= 3.8.0)
    - TextureSwiftSupport/LayoutSpecBuilders (= 3.8.0)
  - TextureSwiftSupport/Components (3.8.0):
    - Texture/Core (>= 3)
    - TextureSwiftSupport/LayoutSpecBuilders
  - TextureSwiftSupport/Experiments (3.8.0):
    - Texture/Core (>= 3)
  - TextureSwiftSupport/Extensions (3.8.0):
    - Texture/Core (>= 3)
  - TextureSwiftSupport/LayoutSpecBuilders (3.8.0):
    - Texture/Core (>= 3)
  - TypedTextAttributes (1.1.0)
  - Verge/ObjcBridge (8.12.0)
  - Verge/Store (8.12.0):
    - Verge/ObjcBridge

DEPENDENCIES:
  - "FluidPresentation (from `git@github.com:muukii/FluidPresentation.git`, branch `main`)"
  - GlossButtonNode
  - Reveal-SDK
  - StorybookKit
  - StorybookUI
  - Texture/Core (~> 3)
  - TextureSwiftSupport (from `./`)
  - TypedTextAttributes
  - Verge/Store

SPEC REPOS:
  trunk:
    - GlossButtonNode
    - Reveal-SDK
    - StorybookKit
    - StorybookUI
    - Texture
    - TypedTextAttributes
    - Verge

EXTERNAL SOURCES:
  FluidPresentation:
    :branch: main
    :git: "git@github.com:muukii/FluidPresentation.git"
  TextureSwiftSupport:
    :path: "./"

CHECKOUT OPTIONS:
  FluidPresentation:
    :commit: bd1aa24d0b1b198624b60634db36a3275cc5e7ae
    :git: "git@github.com:muukii/FluidPresentation.git"

SPEC CHECKSUMS:
  FluidPresentation: 4e1e212a6ed2d68db341c8a167b982c6c93859a5
  GlossButtonNode: 0b1471447cb4cebc8a959bbca574247ff6b0592b
  Reveal-SDK: 1a2a678648fc4d277bad71c86d15530424324288
  StorybookKit: 0955e1a351358dff153849c99f3981a390af50ed
  StorybookUI: e1e49d5deb63dacb5b4d7aa0def13d7e8d2b5a46
  Texture: 2f109e937850d94d1d07232041c9c7313ccddb81
  TextureSwiftSupport: a2b7e4a3620ec5ff90fe0a9700f01672f87485ee
  TypedTextAttributes: fc3a5a8c4a7a28304446f8c5e8af146d11c2163a
  Verge: cd1548865edbf2ad01a75f8028885cf1035f24e5

PODFILE CHECKSUM: 5333959b4d7394cc9344f303301d1c8221a5e214

COCOAPODS: 1.10.1
