{
  "object": {
    "pins": [
      {
        "package": "Descriptors",
        "repositoryURL": "https://github.com/FluidGroup/Descriptors.git",
        "state": {
          "branch": null,
          "revision": "f41ce2605a76c5d378fe8c5e8c5c98b544dfd108",
          "version": "0.2.3"
        }
      },
      {
        "package": "EasyPeasy",
        "repositoryURL": "https://github.com/nakiostudio/EasyPeasy.git",
        "state": {
          "branch": null,
          "revision": "b0028f63d47bcb32e37d8abb9cc5d5a781742a4e",
          "version": "1.10.0"
        }
      },
      {
        "package": "GlossButtonNode",
        "repositoryURL": "https://github.com/FluidGroup/GlossButtonNode",
        "state": {
          "branch": "main",
          "revision": "b509307ce86999f281d7c5cee17fec2e1179a5d5",
          "version": null
        }
      },
      {
        "package": "MondrianLayout",
        "repositoryURL": "https://github.com/muukii/MondrianLayout.git",
        "state": {
          "branch": null,
          "revision": "5f00b13984fe08316fc5b5be06e2f41c14a3befa",
          "version": "0.10.0"
        }
      },
      {
        "package": "Storybook",
        "repositoryURL": "https://github.com/eure/Storybook-ios",
        "state": {
          "branch": "main",
          "revision": "d3a5de05361ed0340f0a954711e4a59bfd09ad7f",
          "version": null
        }
      },
      {
        "package": "TextureBridging",
        "repositoryURL": "https://github.com/FluidGroup/TextureBridging.git",
        "state": {
          "branch": "main",
          "revision": "ed8d3ac84c3fda90832c793fdeb8972154bd15fe",
          "version": null
        }
      },
      {
        "package": "TextureSwiftSupport",
        "repositoryURL": "https://github.com/FluidGroup/TextureSwiftSupport.git",
        "state": {
          "branch": "main",
          "revision": "57fa6431621d48b3578ff38e8d98b9833b11c4e8",
          "version": null
        }
      },
      {
        "package": "TypedTextAttributes",
        "repositoryURL": "https://github.com/muukii/TypedTextAttributes.git",
        "state": {
          "branch": "master",
          "revision": "22aadd76b1cfe7a0702200990c9c5b8f4d33a912",
          "version": null
        }
      }
    ]
  },
  "version": 1
}
