{
  "pins" : [
    {
      "identity" : "descriptors",
      "kind" : "remoteSourceControl",
      "location" : "https://github.com/FluidGroup/Descriptors",
      "state" : {
        "revision" : "6b4ae4b9a62bc7950cca9325515264412f37411a",
        "version" : "0.2.1"
      }
    },
    {
      "identity" : "easypeasy",
      "kind" : "remoteSourceControl",
      "location" : "https://github.com/nakiostudio/EasyPeasy.git",
      "state" : {
        "revision" : "b0028f63d47bcb32e37d8abb9cc5d5a781742a4e",
        "version" : "1.10.0"
      }
    },
    {
      "identity" : "glossbuttonnode",
      "kind" : "remoteSourceControl",
      "location" : "https://github.com/FluidGroup/GlossButtonNode",
      "state" : {
        "branch" : "main",
        "revision" : "b509307ce86999f281d7c5cee17fec2e1179a5d5"
      }
    },
    {
      "identity" : "iglistkit",
      "kind" : "remoteSourceControl",
      "location" : "https://github.com/3a4oT/IGListKit",
      "state" : {
        "branch" : "spmNumber10",
        "revision" : "979eca9b2da15e35af36f4613452dd6e07641969"
      }
    },
    {
      "identity" : "libwebp-xcode",
      "kind" : "remoteSourceControl",
      "location" : "https://github.com/SDWebImage/libwebp-Xcode",
      "state" : {
        "revision" : "0f3bdb28a1edc5e8e43876d3835d20c601ef331f",
        "version" : "1.2.3"
      }
    },
    {
      "identity" : "mondrianlayout",
      "kind" : "remoteSourceControl",
      "location" : "https://github.com/muukii/MondrianLayout.git",
      "state" : {
        "revision" : "239bc0b02b8abbc211720476d1554b736832bb9c",
        "version" : "0.9.0"
      }
    },
    {
      "identity" : "pincache",
      "kind" : "remoteSourceControl",
      "location" : "https://github.com/pinterest/PINCache.git",
      "state" : {
        "revision" : "875c654984fb52b47ca65ae70d24852b0003ccd9",
        "version" : "3.0.3"
      }
    },
    {
      "identity" : "pinoperation",
      "kind" : "remoteSourceControl",
      "location" : "https://github.com/pinterest/PINOperation.git",
      "state" : {
        "revision" : "44d8ca154a4e75a028a5548c31ff3a53b90cef15",
        "version" : "1.2.1"
      }
    },
    {
      "identity" : "pinremoteimage",
      "kind" : "remoteSourceControl",
      "location" : "https://github.com/pinterest/PINRemoteImage.git",
      "state" : {
        "branch" : "master",
        "revision" : "18637e4414d77fbc95cd7d499179a9880e9a78d8"
      }
    },
    {
      "identity" : "storybook-ios",
      "kind" : "remoteSourceControl",
      "location" : "https://github.com/eure/Storybook-ios",
      "state" : {
        "branch" : "main",
        "revision" : "c5025f480b8938a4a7ffb170a4c51a8e27778589"
      }
    },
    {
      "identity" : "texture",
      "kind" : "remoteSourceControl",
      "location" : "https://github.com/FluidGroup/Texture",
      "state" : {
        "branch" : "spm",
        "revision" : "5d03875bcfb0d87f8057ebeb5f2f6e4527e18128"
      }
    },
    {
      "identity" : "texturebridging",
      "kind" : "remoteSourceControl",
      "location" : "https://github.com/FluidGroup/TextureBridging.git",
      "state" : {
        "branch" : "main",
        "revision" : "ed8d3ac84c3fda90832c793fdeb8972154bd15fe"
      }
    },
    {
      "identity" : "typedtextattributes",
      "kind" : "remoteSourceControl",
      "location" : "https://github.com/muukii/TypedTextAttributes.git",
      "state" : {
        "branch" : "master",
        "revision" : "22aadd76b1cfe7a0702200990c9c5b8f4d33a912"
      }
    }
  ],
  "version" : 2
}
